
Microsoft Visual Studio Solution File, Format Version 12.00
# Visual Studio 2013
VisualStudioVersion = 12.0.21005.1
MinimumVisualStudioVersion = 10.0.40219.1
Project("{2150E333-8FDC-42A3-9474-1A3956D46DE8}") = "src", "src", "{58867FAE-9384-441F-8623-7402D6355E45}"
EndProject
Project("{E24C65DC-7377-472B-9ABA-BC803B73C61A}") = "CMP.UI.Web(3)", "http://localhost:39256", "{3C8E9CA3-60F4-4542-8780-F62CB0A2F856}"
	ProjectSection(WebsiteProperties) = preProject
		UseIISExpress = "true"
		TargetFrameworkMoniker = ".NETFramework,Version%3Dv4.5"
		Debug.AspNetCompiler.VirtualPath = "/localhost_39256"
		Debug.AspNetCompiler.PhysicalPath = "CMP.UI.Web\"
		Debug.AspNetCompiler.TargetPath = "PrecompiledWeb\localhost_39256\"
		Debug.AspNetCompiler.Updateable = "true"
		Debug.AspNetCompiler.ForceOverwrite = "true"
		Debug.AspNetCompiler.FixedNames = "false"
		Debug.AspNetCompiler.Debug = "True"
		Release.AspNetCompiler.VirtualPath = "/localhost_39256"
		Release.AspNetCompiler.PhysicalPath = "CMP.UI.Web\"
		Release.AspNetCompiler.TargetPath = "PrecompiledWeb\localhost_39256\"
		Release.AspNetCompiler.Updateable = "true"
		Release.AspNetCompiler.ForceOverwrite = "true"
		Release.AspNetCompiler.FixedNames = "false"
		Release.AspNetCompiler.Debug = "False"
		SlnRelativePath = "CMP.UI.Web\"
		DefaultWebSiteLanguage = "Visual Basic"
	EndProjectSection
EndProject
Global
	GlobalSection(SolutionConfigurationPlatforms) = preSolution
		Debug|Any CPU = Debug|Any CPU
	EndGlobalSection
	GlobalSection(ProjectConfigurationPlatforms) = postSolution
		{3C8E9CA3-60F4-4542-8780-F62CB0A2F856}.Debug|Any CPU.ActiveCfg = Debug|Any CPU
		{3C8E9CA3-60F4-4542-8780-F62CB0A2F856}.Debug|Any CPU.Build.0 = Debug|Any CPU
	EndGlobalSection
	GlobalSection(SolutionProperties) = preSolution
		HideSolutionNode = FALSE
	EndGlobalSection
	GlobalSection(NestedProjects) = preSolution
		{3C8E9CA3-60F4-4542-8780-F62CB0A2F856} = {58867FAE-9384-441F-8623-7402D6355E45}
	EndGlobalSection
EndGlobal
